{"name": "your-project-name","version": "1.0.0","lockfileVersion": 2,"requires": true,"dependencies": {"package-1": {"version": "^1.0.0","resolved": "https://registry.npmjs.org/package-1/-/package-1-1.0.0.tgz","integrity": "sha512-RANDOM_INTEGRITY_HASH","dev": false}, "package-2": {"version": "^2.0.0","resolved": "https://registry.npmjs.org/package-2/-/package-2-2.0.0.tgz","integrity": "sha512-RANDOM_INTEGRITY_HASH","dev": true}}}